
Microsoft Visual Studio Solution File, Format Version 12.00
# Visual Studio Version 17
VisualStudioVersion = 17.11.35327.3
MinimumVisualStudioVersion = 10.0.40219.1
Project("{FAE04EC0-301F-11D3-BF4B-00C04F79EFBC}") = "test-web-app-mvc-dotNET", "test-web-app-mvc-dotNET.csproj", "{0F0926D2-3D5A-4D9B-BCD7-C2377A4B7FED}"
EndProject
Global
	GlobalSection(SolutionConfigurationPlatforms) = preSolution
		Debug|Any CPU = Debug|Any CPU
		Release|Any CPU = Release|Any CPU
	EndGlobalSection
	GlobalSection(ProjectConfigurationPlatforms) = postSolution
		{0F0926D2-3D5A-4D9B-BCD7-C2377A4B7FED}.Debug|Any CPU.ActiveCfg = Debug|Any CPU
		{0F0926D2-3D5A-4D9B-BCD7-C2377A4B7FED}.Debug|Any CPU.Build.0 = Debug|Any CPU
		{0F0926D2-3D5A-4D9B-BCD7-C2377A4B7FED}.Release|Any CPU.ActiveCfg = Release|Any CPU
		{0F0926D2-3D5A-4D9B-BCD7-C2377A4B7FED}.Release|Any CPU.Build.0 = Release|Any CPU
	EndGlobalSection
	GlobalSection(SolutionProperties) = preSolution
		HideSolutionNode = FALSE
	EndGlobalSection
	GlobalSection(ExtensibilityGlobals) = postSolution
		SolutionGuid = {0DEB6543-DE39-4F7E-964F-047F08A8D3D3}
	EndGlobalSection
EndGlobal
